
Microsoft Visual Studio Solution File, Format Version 12.00
# Visual Studio Version 17
VisualStudioVersion = 17.8.34511.84
MinimumVisualStudioVersion = 10.0.40219.1
Project("{FAE04EC0-301F-11D3-BF4B-00C04F79EFBC}") = "SalesWebMVC", "SalesWebMVC\SalesWebMVC.csproj", "{4EF88089-BF39-49E0-BE81-D49F0DFA2D2D}"
EndProject
Global
	GlobalSection(SolutionConfigurationPlatforms) = preSolution
		Debug|Any CPU = Debug|Any CPU
		Release|Any CPU = Release|Any CPU
	EndGlobalSection
	GlobalSection(ProjectConfigurationPlatforms) = postSolution
		{4EF88089-BF39-49E0-BE81-D49F0DFA2D2D}.Debug|Any CPU.ActiveCfg = Debug|Any CPU
		{4EF88089-BF39-49E0-BE81-D49F0DFA2D2D}.Debug|Any CPU.Build.0 = Debug|Any CPU
		{4EF88089-BF39-49E0-BE81-D49F0DFA2D2D}.Release|Any CPU.ActiveCfg = Release|Any CPU
		{4EF88089-BF39-49E0-BE81-D49F0DFA2D2D}.Release|Any CPU.Build.0 = Release|Any CPU
	EndGlobalSection
	GlobalSection(SolutionProperties) = preSolution
		HideSolutionNode = FALSE
	EndGlobalSection
	GlobalSection(ExtensibilityGlobals) = postSolution
		SolutionGuid = {46A1E437-AD49-47B8-B9EA-7B4B560396BD}
	EndGlobalSection
EndGlobal
